{
  "lockfileVersion": 1,
  "configVersion": 0,
  "workspaces": {
    "": {
      "name": "@repo/mtg-image-db",
      "devDependencies": {
        "dotenv": "^17.2.3",
      },
    },
  },
  "packages": {
    "dotenv": ["dotenv@17.2.4", "", {}, "sha512-mudtfb4zRB4bVvdj0xRo+e6duH1csJRM8IukBqfTRvHotn9+LBXB8ynAidP9zHqoRC/fsllXgk4kCKlR21fIhw=="],
  }
}
